
Microsoft Visual Studio Solution File, Format Version 12.00
# Visual Studio Version 16
VisualStudioVersion = 16.0.30320.27
MinimumVisualStudioVersion = 10.0.40219.1
Project("{9A19103F-16F7-4668-BE54-9A1E7A4F7556}") = "AutoCreateApiTest", "AutoCreateApiTest\AutoCreateApiTest.csproj", "{31A7E762-542A-4352-9926-504AE6049789}"
EndProject
Global
	GlobalSection(SolutionConfigurationPlatforms) = preSolution
		Debug|Any CPU = Debug|Any CPU
		Release|Any CPU = Release|Any CPU
	EndGlobalSection
	GlobalSection(ProjectConfigurationPlatforms) = postSolution
		{31A7E762-542A-4352-9926-504AE6049789}.Debug|Any CPU.ActiveCfg = Debug|Any CPU
		{31A7E762-542A-4352-9926-504AE6049789}.Debug|Any CPU.Build.0 = Debug|Any CPU
		{31A7E762-542A-4352-9926-504AE6049789}.Release|Any CPU.ActiveCfg = Release|Any CPU
		{31A7E762-542A-4352-9926-504AE6049789}.Release|Any CPU.Build.0 = Release|Any CPU
	EndGlobalSection
	GlobalSection(SolutionProperties) = preSolution
		HideSolutionNode = FALSE
	EndGlobalSection
	GlobalSection(ExtensibilityGlobals) = postSolution
		SolutionGuid = {D63980A0-4B40-4C99-A073-5F84B0483DCA}
	EndGlobalSection
EndGlobal
